{
  "name": "web-comp-interop-demos",
  "version": "1.0.0",
  "lockfileVersion": 1,
  "requires": true,
  "dependencies": {
    "lit-html": {
      "version": "0.11.1",
      "resolved": "https://registry.npmjs.org/lit-html/-/lit-html-0.11.1.tgz",
      "integrity": "sha512-G75eIx+aZ3nVFdjfKmama0OXHmvxn8slouEGKz14/D9WPdh+iN1mxZujx001w5M2Ot+39qx+xpcBjqSo1+am5Q=="
    }
  }
}
